// !$*UTF8*$!
{
	archiveVersion = 1;
	classes = {
	};
	objectVersion = 56;
	objects = {

/* Begin PBXBuildFile section */
		0F25A4012D0B8D7C00D14903 /* Inject in Frameworks */ = {isa = PBXBuildFile; productRef = 0F25A4002D0B8D7C00D14903 /* Inject */; };
		0F6B07242D0A928800EBBB0E /* magicjournalApp.swift in Sources */ = {isa = PBXBuildFile; fileRef = 0F6B07232D0A928800EBBB0E /* magicjournalApp.swift */; };
		0F6B07262D0A928800EBBB0E /* ContentView.swift in Sources */ = {isa = PBXBuildFile; fileRef = 0F6B07252D0A928800EBBB0E /* ContentView.swift */; };
		0F6B07282D0A928900EBBB0E /* Assets.xcassets in Resources */ = {isa = PBXBuildFile; fileRef = 0F6B07272D0A928900EBBB0E /* Assets.xcassets */; };
		0F6B072B2D0A928900EBBB0E /* Preview Assets.xcassets in Resources */ = {isa = PBXBuildFile; fileRef = 0F6B072A2D0A928900EBBB0E /* Preview Assets.xcassets */; };
		0F6B07352D0A928A00EBBB0E /* magicjournalTests.swift in Sources */ = {isa = PBXBuildFile; fileRef = 0F6B07342D0A928A00EBBB0E /* magicjournalTests.swift */; };
		0F6B073F2D0A928A00EBBB0E /* magicjournalUITests.swift in Sources */ = {isa = PBXBuildFile; fileRef = 0F6B073E2D0A928A00EBBB0E /* magicjournalUITests.swift */; };
		0F6B07412D0A928A00EBBB0E /* magicjournalUITestsLaunchTests.swift in Sources */ = {isa = PBXBuildFile; fileRef = 0F6B07402D0A928A00EBBB0E /* magicjournalUITestsLaunchTests.swift */; };
/* End PBXBuildFile section */

/* Begin PBXContainerItemProxy section */
		0F6B07312D0A928A00EBBB0E /* PBXContainerItemProxy */ = {
			isa = PBXContainerItemProxy;
			containerPortal = 0F6B07182D0A928800EBBB0E /* Project object */;
			proxyType = 1;
			remoteGlobalIDString = 0F6B071F2D0A928800EBBB0E;
			remoteInfo = magicjournal;
		};
		0F6B073B2D0A928A00EBBB0E /* PBXContainerItemProxy */ = {
			isa = PBXContainerItemProxy;
			containerPortal = 0F6B07182D0A928800EBBB0E /* Project object */;
			proxyType = 1;
			remoteGlobalIDString = 0F6B071F2D0A928800EBBB0E;
			remoteInfo = magicjournal;
		};
/* End PBXContainerItemProxy section */

/* Begin PBXFileReference section */
		0F6B07202D0A928800EBBB0E /* magicjournal.app */ = {isa = PBXFileReference; explicitFileType = wrapper.application; includeInIndex = 0; path = magicjournal.app; sourceTree = BUILT_PRODUCTS_DIR; };
		0F6B07232D0A928800EBBB0E /* magicjournalApp.swift */ = {isa = PBXFileReference; lastKnownFileType = sourcecode.swift; path = magicjournalApp.swift; sourceTree = "<group>"; };
		0F6B07252D0A928800EBBB0E /* ContentView.swift */ = {isa = PBXFileReference; lastKnownFileType = sourcecode.swift; path = ContentView.swift; sourceTree = "<group>"; };
		0F6B07272D0A928900EBBB0E /* Assets.xcassets */ = {isa = PBXFileReference; lastKnownFileType = folder.assetcatalog; path = Assets.xcassets; sourceTree = "<group>"; };
		0F6B072A2D0A928900EBBB0E /* Preview Assets.xcassets */ = {isa = PBXFileReference; lastKnownFileType = folder.assetcatalog; path = "Preview Assets.xcassets"; sourceTree = "<group>"; };
		0F6B07302D0A928A00EBBB0E /* magicjournalTests.xctest */ = {isa = PBXFileReference; explicitFileType = wrapper.cfbundle; includeInIndex = 0; path = magicjournalTests.xctest; sourceTree = BUILT_PRODUCTS_DIR; };
		0F6B07342D0A928A00EBBB0E /* magicjournalTests.swift */ = {isa = PBXFileReference; lastKnownFileType = sourcecode.swift; path = magicjournalTests.swift; sourceTree = "<group>"; };
		0F6B073A2D0A928A00EBBB0E /* magicjournalUITests.xctest */ = {isa = PBXFileReference; explicitFileType = wrapper.cfbundle; includeInIndex = 0; path = magicjournalUITests.xctest; sourceTree = BUILT_PRODUCTS_DIR; };
		0F6B073E2D0A928A00EBBB0E /* magicjournalUITests.swift */ = {isa = PBXFileReference; lastKnownFileType = sourcecode.swift; path = magicjournalUITests.swift; sourceTree = "<group>"; };
		0F6B07402D0A928A00EBBB0E /* magicjournalUITestsLaunchTests.swift */ = {isa = PBXFileReference; lastKnownFileType = sourcecode.swift; path = magicjournalUITestsLaunchTests.swift; sourceTree = "<group>"; };
/* End PBXFileReference section */

/* Begin PBXFrameworksBuildPhase section */
		0F6B071D2D0A928800EBBB0E /* Frameworks */ = {
			isa = PBXFrameworksBuildPhase;
			buildActionMask = 2147483647;
			files = (
				0F25A4012D0B8D7C00D14903 /* Inject in Frameworks */,
			);
			runOnlyForDeploymentPostprocessing = 0;
		};
		0F6B072D2D0A928A00EBBB0E /* Frameworks */ = {
			isa = PBXFrameworksBuildPhase;
			buildActionMask = 2147483647;
			files = (
			);
			runOnlyForDeploymentPostprocessing = 0;
		};
		0F6B07372D0A928A00EBBB0E /* Frameworks */ = {
			isa = PBXFrameworksBuildPhase;
			buildActionMask = 2147483647;
			files = (
			);
			runOnlyForDeploymentPostprocessing = 0;
		};
/* End PBXFrameworksBuildPhase section */

/* Begin PBXGroup section */
		0F6B07172D0A928800EBBB0E = {
			isa = PBXGroup;
			children = (
				0F6B07222D0A928800EBBB0E /* magicjournal */,
				0F6B07332D0A928A00EBBB0E /* magicjournalTests */,
				0F6B073D2D0A928A00EBBB0E /* magicjournalUITests */,
				0F6B07212D0A928800EBBB0E /* Products */,
			);
			sourceTree = "<group>";
		};
		0F6B07212D0A928800EBBB0E /* Products */ = {
			isa = PBXGroup;
			children = (
				0F6B07202D0A928800EBBB0E /* magicjournal.app */,
				0F6B07302D0A928A00EBBB0E /* magicjournalTests.xctest */,
				0F6B073A2D0A928A00EBBB0E /* magicjournalUITests.xctest */,
			);
			name = Products;
			sourceTree = "<group>";
		};
		0F6B07222D0A928800EBBB0E /* magicjournal */ = {
			isa = PBXGroup;
			children = (
				0F6B07232D0A928800EBBB0E /* magicjournalApp.swift */,
				0F6B07252D0A928800EBBB0E /* ContentView.swift */,
				0F6B07272D0A928900EBBB0E /* Assets.xcassets */,
				0F6B07292D0A928900EBBB0E /* Preview Content */,
			);
			path = magicjournal;
			sourceTree = "<group>";
		};
		0F6B07292D0A928900EBBB0E /* Preview Content */ = {
			isa = PBXGroup;
			children = (
				0F6B072A2D0A928900EBBB0E /* Preview Assets.xcassets */,
			);
			path = "Preview Content";
			sourceTree = "<group>";
		};
		0F6B07332D0A928A00EBBB0E /* magicjournalTests */ = {
			isa = PBXGroup;
			children = (
				0F6B07342D0A928A00EBBB0E /* magicjournalTests.swift */,
			);
			path = magicjournalTests;
			sourceTree = "<group>";
		};
		0F6B073D2D0A928A00EBBB0E /* magicjournalUITests */ = {
			isa = PBXGroup;
			children = (
				0F6B073E2D0A928A00EBBB0E /* magicjournalUITests.swift */,
				0F6B07402D0A928A00EBBB0E /* magicjournalUITestsLaunchTests.swift */,
			);
			path = magicjournalUITests;
			sourceTree = "<group>";
		};
/* End PBXGroup section */

/* Begin PBXNativeTarget section */
		0F6B071F2D0A928800EBBB0E /* magicjournal */ = {
			isa = PBXNativeTarget;
			buildConfigurationList = 0F6B07442D0A928A00EBBB0E /* Build configuration list for PBXNativeTarget "magicjournal" */;
			buildPhases = (
				0F6B071C2D0A928800EBBB0E /* Sources */,
				0F6B071D2D0A928800EBBB0E /* Frameworks */,
				0F6B071E2D0A928800EBBB0E /* Resources */,
			);
			buildRules = (
			);
			dependencies = (
			);
			name = magicjournal;
			packageProductDependencies = (
				0F25A4002D0B8D7C00D14903 /* Inject */,
			);
			productName = magicjournal;
			productReference = 0F6B07202D0A928800EBBB0E /* magicjournal.app */;
			productType = "com.apple.product-type.application";
		};
		0F6B072F2D0A928A00EBBB0E /* magicjournalTests */ = {
			isa = PBXNativeTarget;
			buildConfigurationList = 0F6B07472D0A928A00EBBB0E /* Build configuration list for PBXNativeTarget "magicjournalTests" */;
			buildPhases = (
				0F6B072C2D0A928A00EBBB0E /* Sources */,
				0F6B072D2D0A928A00EBBB0E /* Frameworks */,
				0F6B072E2D0A928A00EBBB0E /* Resources */,
			);
			buildRules = (
			);
			dependencies = (
				0F6B07322D0A928A00EBBB0E /* PBXTargetDependency */,
			);
			name = magicjournalTests;
			productName = magicjournalTests;
			productReference = 0F6B07302D0A928A00EBBB0E /* magicjournalTests.xctest */;
			productType = "com.apple.product-type.bundle.unit-test";
		};
		0F6B07392D0A928A00EBBB0E /* magicjournalUITests */ = {
			isa = PBXNativeTarget;
			buildConfigurationList = 0F6B074A2D0A928A00EBBB0E /* Build configuration list for PBXNativeTarget "magicjournalUITests" */;
			buildPhases = (
				0F6B07362D0A928A00EBBB0E /* Sources */,
				0F6B07372D0A928A00EBBB0E /* Frameworks */,
				0F6B07382D0A928A00EBBB0E /* Resources */,
			);
			buildRules = (
			);
			dependencies = (
				0F6B073C2D0A928A00EBBB0E /* PBXTargetDependency */,
			);
			name = magicjournalUITests;
			productName = magicjournalUITests;
			productReference = 0F6B073A2D0A928A00EBBB0E /* magicjournalUITests.xctest */;
			productType = "com.apple.product-type.bundle.ui-testing";
		};
/* End PBXNativeTarget section */

/* Begin PBXProject section */
		0F6B07182D0A928800EBBB0E /* Project object */ = {
			isa = PBXProject;
			attributes = {
				BuildIndependentTargetsInParallel = 1;
				LastSwiftUpdateCheck = 1430;
				LastUpgradeCheck = 1430;
				TargetAttributes = {
					0F6B071F2D0A928800EBBB0E = {
						CreatedOnToolsVersion = 14.3.1;
					};
					0F6B072F2D0A928A00EBBB0E = {
						CreatedOnToolsVersion = 14.3.1;
						TestTargetID = 0F6B071F2D0A928800EBBB0E;
					};
					0F6B07392D0A928A00EBBB0E = {
						CreatedOnToolsVersion = 14.3.1;
						TestTargetID = 0F6B071F2D0A928800EBBB0E;
					};
				};
			};
			buildConfigurationList = 0F6B071B2D0A928800EBBB0E /* Build configuration list for PBXProject "magicjournal" */;
			compatibilityVersion = "Xcode 14.0";
			developmentRegion = en;
			hasScannedForEncodings = 0;
			knownRegions = (
				en,
				Base,
			);
			mainGroup = 0F6B07172D0A928800EBBB0E;
			packageReferences = (
				0F25A3FF2D0B8D7C00D14903 /* XCRemoteSwiftPackageReference "Inject" */,
			);
			productRefGroup = 0F6B07212D0A928800EBBB0E /* Products */;
			projectDirPath = "";
			projectRoot = "";
			targets = (
				0F6B071F2D0A928800EBBB0E /* magicjournal */,
				0F6B072F2D0A928A00EBBB0E /* magicjournalTests */,
				0F6B07392D0A928A00EBBB0E /* magicjournalUITests */,
			);
		};
/* End PBXProject section */

/* Begin PBXResourcesBuildPhase section */
		0F6B071E2D0A928800EBBB0E /* Resources */ = {
			isa = PBXResourcesBuildPhase;
			buildActionMask = 2147483647;
			files = (
				0F6B072B2D0A928900EBBB0E /* Preview Assets.xcassets in Resources */,
				0F6B07282D0A928900EBBB0E /* Assets.xcassets in Resources */,
			);
			runOnlyForDeploymentPostprocessing = 0;
		};
		0F6B072E2D0A928A00EBBB0E /* Resources */ = {
			isa = PBXResourcesBuildPhase;
			buildActionMask = 2147483647;
			files = (
			);
			runOnlyForDeploymentPostprocessing = 0;
		};
		0F6B07382D0A928A00EBBB0E /* Resources */ = {
			isa = PBXResourcesBuildPhase;
			buildActionMask = 2147483647;
			files = (
			);
			runOnlyForDeploymentPostprocessing = 0;
		};
/* End PBXResourcesBuildPhase section */

/* Begin PBXSourcesBuildPhase section */
		0F6B071C2D0A928800EBBB0E /* Sources */ = {
			isa = PBXSourcesBuildPhase;
			buildActionMask = 2147483647;
			files = (
				0F6B07262D0A928800EBBB0E /* ContentView.swift in Sources */,
				0F6B07242D0A928800EBBB0E /* magicjournalApp.swift in Sources */,
			);
			runOnlyForDeploymentPostprocessing = 0;
		};
		0F6B072C2D0A928A00EBBB0E /* Sources */ = {
			isa = PBXSourcesBuildPhase;
			buildActionMask = 2147483647;
			files = (
				0F6B07352D0A928A00EBBB0E /* magicjournalTests.swift in Sources */,
			);
			runOnlyForDeploymentPostprocessing = 0;
		};
		0F6B07362D0A928A00EBBB0E /* Sources */ = {
			isa = PBXSourcesBuildPhase;
			buildActionMask = 2147483647;
			files = (
				0F6B07412D0A928A00EBBB0E /* magicjournalUITestsLaunchTests.swift in Sources */,
				0F6B073F2D0A928A00EBBB0E /* magicjournalUITests.swift in Sources */,
			);
			runOnlyForDeploymentPostprocessing = 0;
		};
/* End PBXSourcesBuildPhase section */

/* Begin PBXTargetDependency section */
		0F6B07322D0A928A00EBBB0E /* PBXTargetDependency */ = {
			isa = PBXTargetDependency;
			target = 0F6B071F2D0A928800EBBB0E /* magicjournal */;
			targetProxy = 0F6B07312D0A928A00EBBB0E /* PBXContainerItemProxy */;
		};
		0F6B073C2D0A928A00EBBB0E /* PBXTargetDependency */ = {
			isa = PBXTargetDependency;
			target = 0F6B071F2D0A928800EBBB0E /* magicjournal */;
			targetProxy = 0F6B073B2D0A928A00EBBB0E /* PBXContainerItemProxy */;
		};
/* End PBXTargetDependency section */

/* Begin XCBuildConfiguration section */
		0F6B07422D0A928A00EBBB0E /* Debug */ = {
			isa = XCBuildConfiguration;
			buildSettings = {
				ALWAYS_SEARCH_USER_PATHS = NO;
				CLANG_ANALYZER_NONNULL = YES;
				CLANG_ANALYZER_NUMBER_OBJECT_CONVERSION = YES_AGGRESSIVE;
				CLANG_CXX_LANGUAGE_STANDARD = "gnu++20";
				CLANG_ENABLE_MODULES = YES;
				CLANG_ENABLE_OBJC_ARC = YES;
				CLANG_ENABLE_OBJC_WEAK = YES;
				CLANG_WARN_BLOCK_CAPTURE_AUTORELEASING = YES;
				CLANG_WARN_BOOL_CONVERSION = YES;
				CLANG_WARN_COMMA = YES;
				CLANG_WARN_CONSTANT_CONVERSION = YES;
				CLANG_WARN_DEPRECATED_OBJC_IMPLEMENTATIONS = YES;
				CLANG_WARN_DIRECT_OBJC_ISA_USAGE = YES_ERROR;
				CLANG_WARN_DOCUMENTATION_COMMENTS = YES;
				CLANG_WARN_EMPTY_BODY = YES;
				CLANG_WARN_ENUM_CONVERSION = YES;
				CLANG_WARN_INFINITE_RECURSION = YES;
				CLANG_WARN_INT_CONVERSION = YES;
				CLANG_WARN_NON_LITERAL_NULL_CONVERSION = YES;
				CLANG_WARN_OBJC_IMPLICIT_RETAIN_SELF = YES;
				CLANG_WARN_OBJC_LITERAL_CONVERSION = YES;
				CLANG_WARN_OBJC_ROOT_CLASS = YES_ERROR;
				CLANG_WARN_QUOTED_INCLUDE_IN_FRAMEWORK_HEADER = YES;
				CLANG_WARN_RANGE_LOOP_ANALYSIS = YES;
				CLANG_WARN_STRICT_PROTOTYPES = YES;
				CLANG_WARN_SUSPICIOUS_MOVE = YES;
				CLANG_WARN_UNGUARDED_AVAILABILITY = YES_AGGRESSIVE;
				CLANG_WARN_UNREACHABLE_CODE = YES;
				CLANG_WARN__DUPLICATE_METHOD_MATCH = YES;
				COPY_PHASE_STRIP = NO;
				DEBUG_INFORMATION_FORMAT = dwarf;
				ENABLE_STRICT_OBJC_MSGSEND = YES;
				ENABLE_TESTABILITY = YES;
				GCC_C_LANGUAGE_STANDARD = gnu11;
				GCC_DYNAMIC_NO_PIC = NO;
				GCC_NO_COMMON_BLOCKS = YES;
				GCC_OPTIMIZATION_LEVEL = 0;
				GCC_PREPROCESSOR_DEFINITIONS = (
					"DEBUG=1",
					"$(inherited)",
				);
				GCC_WARN_64_TO_32_BIT_CONVERSION = YES;
				GCC_WARN_ABOUT_RETURN_TYPE = YES_ERROR;
				GCC_WARN_UNDECLARED_SELECTOR = YES;
				GCC_WARN_UNINITIALIZED_AUTOS = YES_AGGRESSIVE;
				GCC_WARN_UNUSED_FUNCTION = YES;
				GCC_WARN_UNUSED_VARIABLE = YES;
				IPHONEOS_DEPLOYMENT_TARGET = 16.4;
				MTL_ENABLE_DEBUG_INFO = INCLUDE_SOURCE;
				MTL_FAST_MATH = YES;
				ONLY_ACTIVE_ARCH = YES;
				OTHER_LDFLAGS = (
					"-Xlinker",
					"-interposable",
				);
				SDKROOT = iphoneos;
				SWIFT_ACTIVE_COMPILATION_CONDITIONS = DEBUG;
				SWIFT_OPTIMIZATION_LEVEL = "-Onone";
			};
			name = Debug;
		};
		0F6B07432D0A928A00EBBB0E /* Release */ = {
			isa = XCBuildConfiguration;
			buildSettings = {
				ALWAYS_SEARCH_USER_PATHS = NO;
				CLANG_ANALYZER_NONNULL = YES;
				CLANG_ANALYZER_NUMBER_OBJECT_CONVERSION = YES_AGGRESSIVE;
				CLANG_CXX_LANGUAGE_STANDARD = "gnu++20";
				CLANG_ENABLE_MODULES = YES;
				CLANG_ENABLE_OBJC_ARC = YES;
				CLANG_ENABLE_OBJC_WEAK = YES;
				CLANG_WARN_BLOCK_CAPTURE_AUTORELEASING = YES;
				CLANG_WARN_BOOL_CONVERSION = YES;
				CLANG_WARN_COMMA = YES;
				CLANG_WARN_CONSTANT_CONVERSION = YES;
				CLANG_WARN_DEPRECATED_OBJC_IMPLEMENTATIONS = YES;
				CLANG_WARN_DIRECT_OBJC_ISA_USAGE = YES_ERROR;
				CLANG_WARN_DOCUMENTATION_COMMENTS = YES;
				CLANG_WARN_EMPTY_BODY = YES;
				CLANG_WARN_ENUM_CONVERSION = YES;
				CLANG_WARN_INFINITE_RECURSION = YES;
				CLANG_WARN_INT_CONVERSION = YES;
				CLANG_WARN_NON_LITERAL_NULL_CONVERSION = YES;
				CLANG_WARN_OBJC_IMPLICIT_RETAIN_SELF = YES;
				CLANG_WARN_OBJC_LITERAL_CONVERSION = YES;
				CLANG_WARN_OBJC_ROOT_CLASS = YES_ERROR;
				CLANG_WARN_QUOTED_INCLUDE_IN_FRAMEWORK_HEADER = YES;
				CLANG_WARN_RANGE_LOOP_ANALYSIS = YES;
				CLANG_WARN_STRICT_PROTOTYPES = YES;
				CLANG_WARN_SUSPICIOUS_MOVE = YES;
				CLANG_WARN_UNGUARDED_AVAILABILITY = YES_AGGRESSIVE;
				CLANG_WARN_UNREACHABLE_CODE = YES;
				CLANG_WARN__DUPLICATE_METHOD_MATCH = YES;
				COPY_PHASE_STRIP = NO;
				DEBUG_INFORMATION_FORMAT = "dwarf-with-dsym";
				ENABLE_NS_ASSERTIONS = NO;
				ENABLE_STRICT_OBJC_MSGSEND = YES;
				GCC_C_LANGUAGE_STANDARD = gnu11;
				GCC_NO_COMMON_BLOCKS = YES;
				GCC_WARN_64_TO_32_BIT_CONVERSION = YES;
				GCC_WARN_ABOUT_RETURN_TYPE = YES_ERROR;
				GCC_WARN_UNDECLARED_SELECTOR = YES;
				GCC_WARN_UNINITIALIZED_AUTOS = YES_AGGRESSIVE;
				GCC_WARN_UNUSED_FUNCTION = YES;
				GCC_WARN_UNUSED_VARIABLE = YES;
				IPHONEOS_DEPLOYMENT_TARGET = 16.4;
				MTL_ENABLE_DEBUG_INFO = NO;
				MTL_FAST_MATH = YES;
				OTHER_LDFLAGS = "";
				SDKROOT = iphoneos;
				SWIFT_COMPILATION_MODE = wholemodule;
				SWIFT_OPTIMIZATION_LEVEL = "-O";
				VALIDATE_PRODUCT = YES;
			};
			name = Release;
		};
		0F6B07452D0A928A00EBBB0E /* Debug */ = {
			isa = XCBuildConfiguration;
			buildSettings = {
				ASSETCATALOG_COMPILER_APPICON_NAME = AppIcon;
				ASSETCATALOG_COMPILER_GLOBAL_ACCENT_COLOR_NAME = AccentColor;
				CODE_SIGN_STYLE = Automatic;
				CURRENT_PROJECT_VERSION = 1;
				DEVELOPMENT_ASSET_PATHS = "\"magicjournal/Preview Content\"";
				ENABLE_PREVIEWS = YES;
				GENERATE_INFOPLIST_FILE = YES;
				INFOPLIST_KEY_UIApplicationSceneManifest_Generation = YES;
				INFOPLIST_KEY_UIApplicationSupportsIndirectInputEvents = YES;
				INFOPLIST_KEY_UILaunchScreen_Generation = YES;
				INFOPLIST_KEY_UISupportedInterfaceOrientations_iPad = "UIInterfaceOrientationPortrait UIInterfaceOrientationPortraitUpsideDown UIInterfaceOrientationLandscapeLeft UIInterfaceOrientationLandscapeRight";
				INFOPLIST_KEY_UISupportedInterfaceOrientations_iPhone = "UIInterfaceOrientationPortrait UIInterfaceOrientationLandscapeLeft UIInterfaceOrientationLandscapeRight";
				LD_RUNPATH_SEARCH_PATHS = (
					"$(inherited)",
					"@executable_path/Frameworks",
				);
				MARKETING_VERSION = 1.0;
				PRODUCT_BUNDLE_IDENTIFIER = houdini.magicjournal;
				PRODUCT_NAME = "$(TARGET_NAME)";
				SWIFT_EMIT_LOC_STRINGS = YES;
				SWIFT_VERSION = 5.0;
				TARGETED_DEVICE_FAMILY = "1,2";
			};
			name = Debug;
		};
		0F6B07462D0A928A00EBBB0E /* Release */ = {
			isa = XCBuildConfiguration;
			buildSettings = {
				ASSETCATALOG_COMPILER_APPICON_NAME = AppIcon;
				ASSETCATALOG_COMPILER_GLOBAL_ACCENT_COLOR_NAME = AccentColor;
				CODE_SIGN_STYLE = Automatic;
				CURRENT_PROJECT_VERSION = 1;
				DEVELOPMENT_ASSET_PATHS = "\"magicjournal/Preview Content\"";
				ENABLE_PREVIEWS = YES;
				GENERATE_INFOPLIST_FILE = YES;
				INFOPLIST_KEY_UIApplicationSceneManifest_Generation = YES;
				INFOPLIST_KEY_UIApplicationSupportsIndirectInputEvents = YES;
				INFOPLIST_KEY_UILaunchScreen_Generation = YES;
				INFOPLIST_KEY_UISupportedInterfaceOrientations_iPad = "UIInterfaceOrientationPortrait UIInterfaceOrientationPortraitUpsideDown UIInterfaceOrientationLandscapeLeft UIInterfaceOrientationLandscapeRight";
				INFOPLIST_KEY_UISupportedInterfaceOrientations_iPhone = "UIInterfaceOrientationPortrait UIInterfaceOrientationLandscapeLeft UIInterfaceOrientationLandscapeRight";
				LD_RUNPATH_SEARCH_PATHS = (
					"$(inherited)",
					"@executable_path/Frameworks",
				);
				MARKETING_VERSION = 1.0;
				PRODUCT_BUNDLE_IDENTIFIER = houdini.magicjournal;
				PRODUCT_NAME = "$(TARGET_NAME)";
				SWIFT_EMIT_LOC_STRINGS = YES;
				SWIFT_VERSION = 5.0;
				TARGETED_DEVICE_FAMILY = "1,2";
			};
			name = Release;
		};
		0F6B07482D0A928A00EBBB0E /* Debug */ = {
			isa = XCBuildConfiguration;
			buildSettings = {
				ALWAYS_EMBED_SWIFT_STANDARD_LIBRARIES = YES;
				BUNDLE_LOADER = "$(TEST_HOST)";
				CODE_SIGN_STYLE = Automatic;
				CURRENT_PROJECT_VERSION = 1;
				GENERATE_INFOPLIST_FILE = YES;
				IPHONEOS_DEPLOYMENT_TARGET = 16.4;
				MARKETING_VERSION = 1.0;
				PRODUCT_BUNDLE_IDENTIFIER = houdini.magicjournalTests;
				PRODUCT_NAME = "$(TARGET_NAME)";
				SWIFT_EMIT_LOC_STRINGS = NO;
				SWIFT_VERSION = 5.0;
				TARGETED_DEVICE_FAMILY = "1,2";
				TEST_HOST = "$(BUILT_PRODUCTS_DIR)/magicjournal.app/$(BUNDLE_EXECUTABLE_FOLDER_PATH)/magicjournal";
			};
			name = Debug;
		};
		0F6B07492D0A928A00EBBB0E /* Release */ = {
			isa = XCBuildConfiguration;
			buildSettings = {
				ALWAYS_EMBED_SWIFT_STANDARD_LIBRARIES = YES;
				BUNDLE_LOADER = "$(TEST_HOST)";
				CODE_SIGN_STYLE = Automatic;
				CURRENT_PROJECT_VERSION = 1;
				GENERATE_INFOPLIST_FILE = YES;
				IPHONEOS_DEPLOYMENT_TARGET = 16.4;
				MARKETING_VERSION = 1.0;
				PRODUCT_BUNDLE_IDENTIFIER = houdini.magicjournalTests;
				PRODUCT_NAME = "$(TARGET_NAME)";
				SWIFT_EMIT_LOC_STRINGS = NO;
				SWIFT_VERSION = 5.0;
				TARGETED_DEVICE_FAMILY = "1,2";
				TEST_HOST = "$(BUILT_PRODUCTS_DIR)/magicjournal.app/$(BUNDLE_EXECUTABLE_FOLDER_PATH)/magicjournal";
			};
			name = Release;
		};
		0F6B074B2D0A928A00EBBB0E /* Debug */ = {
			isa = XCBuildConfiguration;
			buildSettings = {
				ALWAYS_EMBED_SWIFT_STANDARD_LIBRARIES = YES;
				CODE_SIGN_STYLE = Automatic;
				CURRENT_PROJECT_VERSION = 1;
				GENERATE_INFOPLIST_FILE = YES;
				MARKETING_VERSION = 1.0;
				PRODUCT_BUNDLE_IDENTIFIER = houdini.magicjournalUITests;
				PRODUCT_NAME = "$(TARGET_NAME)";
				SWIFT_EMIT_LOC_STRINGS = NO;
				SWIFT_VERSION = 5.0;
				TARGETED_DEVICE_FAMILY = "1,2";
				TEST_TARGET_NAME = magicjournal;
			};
			name = Debug;
		};
		0F6B074C2D0A928A00EBBB0E /* Release */ = {
			isa = XCBuildConfiguration;
			buildSettings = {
				ALWAYS_EMBED_SWIFT_STANDARD_LIBRARIES = YES;
				CODE_SIGN_STYLE = Automatic;
				CURRENT_PROJECT_VERSION = 1;
				GENERATE_INFOPLIST_FILE = YES;
				MARKETING_VERSION = 1.0;
				PRODUCT_BUNDLE_IDENTIFIER = houdini.magicjournalUITests;
				PRODUCT_NAME = "$(TARGET_NAME)";
				SWIFT_EMIT_LOC_STRINGS = NO;
				SWIFT_VERSION = 5.0;
				TARGETED_DEVICE_FAMILY = "1,2";
				TEST_TARGET_NAME = magicjournal;
			};
			name = Release;
		};
/* End XCBuildConfiguration section */

/* Begin XCConfigurationList section */
		0F6B071B2D0A928800EBBB0E /* Build configuration list for PBXProject "magicjournal" */ = {
			isa = XCConfigurationList;
			buildConfigurations = (
				0F6B07422D0A928A00EBBB0E /* Debug */,
				0F6B07432D0A928A00EBBB0E /* Release */,
			);
			defaultConfigurationIsVisible = 0;
			defaultConfigurationName = Release;
		};
		0F6B07442D0A928A00EBBB0E /* Build configuration list for PBXNativeTarget "magicjournal" */ = {
			isa = XCConfigurationList;
			buildConfigurations = (
				0F6B07452D0A928A00EBBB0E /* Debug */,
				0F6B07462D0A928A00EBBB0E /* Release */,
			);
			defaultConfigurationIsVisible = 0;
			defaultConfigurationName = Release;
		};
		0F6B07472D0A928A00EBBB0E /* Build configuration list for PBXNativeTarget "magicjournalTests" */ = {
			isa = XCConfigurationList;
			buildConfigurations = (
				0F6B07482D0A928A00EBBB0E /* Debug */,
				0F6B07492D0A928A00EBBB0E /* Release */,
			);
			defaultConfigurationIsVisible = 0;
			defaultConfigurationName = Release;
		};
		0F6B074A2D0A928A00EBBB0E /* Build configuration list for PBXNativeTarget "magicjournalUITests" */ = {
			isa = XCConfigurationList;
			buildConfigurations = (
				0F6B074B2D0A928A00EBBB0E /* Debug */,
				0F6B074C2D0A928A00EBBB0E /* Release */,
			);
			defaultConfigurationIsVisible = 0;
			defaultConfigurationName = Release;
		};
/* End XCConfigurationList section */

/* Begin XCRemoteSwiftPackageReference section */
		0F25A3FF2D0B8D7C00D14903 /* XCRemoteSwiftPackageReference "Inject" */ = {
			isa = XCRemoteSwiftPackageReference;
			repositoryURL = "https://github.com/krzysztofzablocki/Inject.git";
			requirement = {
				kind = upToNextMajorVersion;
				minimumVersion = 1.0.0;
			};
		};
/* End XCRemoteSwiftPackageReference section */

/* Begin XCSwiftPackageProductDependency section */
		0F25A4002D0B8D7C00D14903 /* Inject */ = {
			isa = XCSwiftPackageProductDependency;
			package = 0F25A3FF2D0B8D7C00D14903 /* XCRemoteSwiftPackageReference "Inject" */;
			productName = Inject;
		};
/* End XCSwiftPackageProductDependency section */
	};
	rootObject = 0F6B07182D0A928800EBBB0E /* Project object */;
}
